
Microsoft Visual Studio Solution File, Format Version 12.00
# Visual Studio 15
VisualStudioVersion = 15.0.28010.2003
MinimumVisualStudioVersion = 10.0.40219.1
Project("{8BC9CEB8-8B4A-11D0-8D11-00A0C91BC942}") = "Open FPS Overlay", "Open FPS Overlay\Open FPS Overlay.vcxproj", "{989EF542-BDBD-4155-8EA1-4FA897CB2EE8}"
EndProject
Project("{8BC9CEB8-8B4A-11D0-8D11-00A0C91BC942}") = "FPS", "FPS\FPS.vcxproj", "{252EF596-CA21-4C2F-A06A-370BE8E2CB1E}"
EndProject
Global
	GlobalSection(SolutionConfigurationPlatforms) = preSolution
		Debug|x64 = Debug|x64
		Debug|x86 = Debug|x86
		Release|x64 = Release|x64
		Release|x86 = Release|x86
	EndGlobalSection
	GlobalSection(ProjectConfigurationPlatforms) = postSolution
		{989EF542-BDBD-4155-8EA1-4FA897CB2EE8}.Debug|x64.ActiveCfg = Debug|x64
		{989EF542-BDBD-4155-8EA1-4FA897CB2EE8}.Debug|x64.Build.0 = Debug|x64
		{989EF542-BDBD-4155-8EA1-4FA897CB2EE8}.Debug|x86.ActiveCfg = Debug|Win32
		{989EF542-BDBD-4155-8EA1-4FA897CB2EE8}.Debug|x86.Build.0 = Debug|Win32
		{989EF542-BDBD-4155-8EA1-4FA897CB2EE8}.Release|x64.ActiveCfg = Release|x64
		{989EF542-BDBD-4155-8EA1-4FA897CB2EE8}.Release|x64.Build.0 = Release|x64
		{989EF542-BDBD-4155-8EA1-4FA897CB2EE8}.Release|x86.ActiveCfg = Release|Win32
		{989EF542-BDBD-4155-8EA1-4FA897CB2EE8}.Release|x86.Build.0 = Release|Win32
		{252EF596-CA21-4C2F-A06A-370BE8E2CB1E}.Debug|x64.ActiveCfg = Debug|x64
		{252EF596-CA21-4C2F-A06A-370BE8E2CB1E}.Debug|x64.Build.0 = Debug|x64
		{252EF596-CA21-4C2F-A06A-370BE8E2CB1E}.Debug|x86.ActiveCfg = Debug|Win32
		{252EF596-CA21-4C2F-A06A-370BE8E2CB1E}.Debug|x86.Build.0 = Debug|Win32
		{252EF596-CA21-4C2F-A06A-370BE8E2CB1E}.Release|x64.ActiveCfg = Release|x64
		{252EF596-CA21-4C2F-A06A-370BE8E2CB1E}.Release|x64.Build.0 = Release|x64
		{252EF596-CA21-4C2F-A06A-370BE8E2CB1E}.Release|x86.ActiveCfg = Release|Win32
		{252EF596-CA21-4C2F-A06A-370BE8E2CB1E}.Release|x86.Build.0 = Release|Win32
	EndGlobalSection
	GlobalSection(SolutionProperties) = preSolution
		HideSolutionNode = FALSE
	EndGlobalSection
	GlobalSection(ExtensibilityGlobals) = postSolution
		SolutionGuid = {6E3D652F-589B-4881-8E55-9FB0C78CC285}
	EndGlobalSection
EndGlobal
